
Microsoft Visual Studio Solution File, Format Version 12.00
# Visual Studio Version 16
VisualStudioVersion = 16.0.30717.126
MinimumVisualStudioVersion = 10.0.40219.1
Project("{FAE04EC0-301F-11D3-BF4B-00C04F79EFBC}") = "SyncordPlugin", "SyncordPlugin\SyncordPlugin.csproj", "{FAF21D58-EAE2-4C02-905E-EFFB8104479A}"
EndProject
Project("{9A19103F-16F7-4668-BE54-9A1E7A4F7556}") = "SyncordBot", "SyncordBot\SyncordBot.csproj", "{94B024F6-7B7E-41F3-9A13-615C596D155F}"
EndProject
Project("{FAE04EC0-301F-11D3-BF4B-00C04F79EFBC}") = "SyncordInfo", "SyncordInfo\SyncordInfo.csproj", "{5C5F343B-715B-446B-8C4E-D6FD34EB41EB}"
EndProject
Global
	GlobalSection(SolutionConfigurationPlatforms) = preSolution
		Debug|Any CPU = Debug|Any CPU
		Release|Any CPU = Release|Any CPU
	EndGlobalSection
	GlobalSection(ProjectConfigurationPlatforms) = postSolution
		{FAF21D58-EAE2-4C02-905E-EFFB8104479A}.Debug|Any CPU.ActiveCfg = Debug|Any CPU
		{FAF21D58-EAE2-4C02-905E-EFFB8104479A}.Debug|Any CPU.Build.0 = Debug|Any CPU
		{FAF21D58-EAE2-4C02-905E-EFFB8104479A}.Release|Any CPU.ActiveCfg = Release|Any CPU
		{FAF21D58-EAE2-4C02-905E-EFFB8104479A}.Release|Any CPU.Build.0 = Release|Any CPU
		{94B024F6-7B7E-41F3-9A13-615C596D155F}.Debug|Any CPU.ActiveCfg = Debug|Any CPU
		{94B024F6-7B7E-41F3-9A13-615C596D155F}.Debug|Any CPU.Build.0 = Debug|Any CPU
		{94B024F6-7B7E-41F3-9A13-615C596D155F}.Release|Any CPU.ActiveCfg = Release|Any CPU
		{94B024F6-7B7E-41F3-9A13-615C596D155F}.Release|Any CPU.Build.0 = Release|Any CPU
		{5C5F343B-715B-446B-8C4E-D6FD34EB41EB}.Debug|Any CPU.ActiveCfg = Debug|Any CPU
		{5C5F343B-715B-446B-8C4E-D6FD34EB41EB}.Debug|Any CPU.Build.0 = Debug|Any CPU
		{5C5F343B-715B-446B-8C4E-D6FD34EB41EB}.Release|Any CPU.ActiveCfg = Release|Any CPU
		{5C5F343B-715B-446B-8C4E-D6FD34EB41EB}.Release|Any CPU.Build.0 = Release|Any CPU
	EndGlobalSection
	GlobalSection(SolutionProperties) = preSolution
		HideSolutionNode = FALSE
	EndGlobalSection
	GlobalSection(ExtensibilityGlobals) = postSolution
		SolutionGuid = {9A00F95E-9E27-4954-80BD-8B235B4F0057}
	EndGlobalSection
EndGlobal
